
Microsoft Visual Studio Solution File, Format Version 12.00
# Visual Studio Version 16
VisualStudioVersion = 16.0.28606.126
MinimumVisualStudioVersion = 10.0.40219.1
Project("{9A19103F-16F7-4668-BE54-9A1E7A4F7556}") = "ExtractDiff.Core", "ExtractDiff.Core\ExtractDiff.Core.csproj", "{119890BE-1024-4F14-B7CF-3AE4BB528E85}"
EndProject
Project("{9A19103F-16F7-4668-BE54-9A1E7A4F7556}") = "ExtractDiff", "ExtractDiff\ExtractDiff.csproj", "{181AD92D-C59B-4E02-8CD6-8E487ACAFB3E}"
EndProject
Global
	GlobalSection(SolutionConfigurationPlatforms) = preSolution
		Debug|Any CPU = Debug|Any CPU
		Release|Any CPU = Release|Any CPU
	EndGlobalSection
	GlobalSection(ProjectConfigurationPlatforms) = postSolution
		{119890BE-1024-4F14-B7CF-3AE4BB528E85}.Debug|Any CPU.ActiveCfg = Debug|Any CPU
		{119890BE-1024-4F14-B7CF-3AE4BB528E85}.Debug|Any CPU.Build.0 = Debug|Any CPU
		{119890BE-1024-4F14-B7CF-3AE4BB528E85}.Release|Any CPU.ActiveCfg = Release|Any CPU
		{119890BE-1024-4F14-B7CF-3AE4BB528E85}.Release|Any CPU.Build.0 = Release|Any CPU
		{181AD92D-C59B-4E02-8CD6-8E487ACAFB3E}.Debug|Any CPU.ActiveCfg = Debug|Any CPU
		{181AD92D-C59B-4E02-8CD6-8E487ACAFB3E}.Debug|Any CPU.Build.0 = Debug|Any CPU
		{181AD92D-C59B-4E02-8CD6-8E487ACAFB3E}.Release|Any CPU.ActiveCfg = Release|Any CPU
		{181AD92D-C59B-4E02-8CD6-8E487ACAFB3E}.Release|Any CPU.Build.0 = Release|Any CPU
	EndGlobalSection
	GlobalSection(SolutionProperties) = preSolution
		HideSolutionNode = FALSE
	EndGlobalSection
	GlobalSection(ExtensibilityGlobals) = postSolution
		SolutionGuid = {0B757408-2070-46D5-9A9E-9A620B37045E}
	EndGlobalSection
EndGlobal
